{
  "name": "openclaw-memory-migrator",
  "version": "0.1.0-rc.1",
  "lockfileVersion": 3,
  "requires": true,
  "packages": {
    "": {
      "name": "openclaw-memory-migrator",
      "version": "0.1.0-rc.1",
      "license": "MIT",
      "bin": {
        "openclaw-memory-migrator": "bin/openclaw-memory-migrator.js"
      },
      "engines": {
        "node": ">=22"
      }
    }
  }
}
